# THIS IS AN AUTOGENERATED FILE. DO NOT EDIT THIS FILE DIRECTLY.
# yarn lockfile v1


"@aicupa/api@^1.0.4":
  version "1.0.4"
  resolved "https://registry.yarnpkg.com/@aicupa/api/-/api-1.0.4.tgz#828a3c66e801d81d39cb61ae99d0f4d2844252aa"
  integrity sha512-LZO1KE56ZeIK8CBVoZSutqSWk4CWNNHtNyb6Xm/nTi+KI/JOh1gygH1L8dx6/c3aAjqFeNS/ANtfSAe7hnhFOA==
